<?xml version="1.0" encoding="utf-8"?>
<Project ToolsVersion="4.0" xmlns="http://schemas.microsoft.com/developer/msbuild/2003">
  <ItemGroup>
    <Filter Include="Ganymede">
      <UniqueIdentifier>{EFE32836-DBB0-8341-04CA-71E9F0F5B8CF}</UniqueIdentifier>
    </Filter>
    <Filter Include="Ganymede\Events">
      <UniqueIdentifier>{F3ECD675-5F78-443A-6889-C72ED493A03A}</UniqueIdentifier>
    </Filter>
  </ItemGroup>
  <ItemGroup>
    <ClInclude Include="src\Ganymede.h" />
    <ClInclude Include="src\Ganymede\Application.h">
      <Filter>Ganymede</Filter>
    </ClInclude>
    <ClInclude Include="src\Ganymede\Core.h">
      <Filter>Ganymede</Filter>
    </ClInclude>
    <ClInclude Include="src\Ganymede\EntryPoint.h">
      <Filter>Ganymede</Filter>
    </ClInclude>
    <ClInclude Include="src\Ganymede\Events\Event.h">
      <Filter>Ganymede\Events</Filter>
    </ClInclude>
    <ClInclude Include="src\Ganymede\Log.h">
      <Filter>Ganymede</Filter>
    </ClInclude>
  </ItemGroup>
  <ItemGroup>
    <ClCompile Include="src\Ganymede\Application.cpp">
      <Filter>Ganymede</Filter>
    </ClCompile>
    <ClCompile Include="src\Ganymede\Core.cpp">
      <Filter>Ganymede</Filter>
    </ClCompile>
    <ClCompile Include="src\Ganymede\Log.cpp">
      <Filter>Ganymede</Filter>
    </ClCompile>
  </ItemGroup>
</Project>